{
  "nodes": {
    "lsp_server": {
      "flake": false,
      "locked": {
        "lastModified": 1625787515,
        "narHash": "sha256-q+B/pHtSH3a/aySYq+uc1BWjtGD9OGc8NJiTOEDv+zk=",
        "owner": "jamesnvc",
        "repo": "lsp_server",
        "rev": "3df56aae027b6d1b329b45bcaad2f4b95db19d16",
        "type": "github"
      },
      "original": {
        "owner": "jamesnvc",
        "repo": "lsp_server",
        "type": "github"
      }
    },
    "nixpkgs": {
      "locked": {
        "lastModified": 1668086072,
        "narHash": "sha256-msFoXI5ThCmhTTqgl27hpCXWhaeqxphBaleJAgD8JYM=",
        "owner": "NixOS",
        "repo": "nixpkgs",
        "rev": "72d8853228c9758820c39b8659415b6d89279493",
        "type": "github"
      },
      "original": {
        "id": "nixpkgs",
        "ref": "nixpkgs-unstable",
        "type": "indirect"
      }
    },
    "root": {
      "inputs": {
        "lsp_server": "lsp_server",
        "nixpkgs": "nixpkgs",
        "utils": "utils"
      }
    },
    "utils": {
      "locked": {
        "lastModified": 1667395993,
        "narHash": "sha256-nuEHfE/LcWyuSWnS8t12N1wc105Qtau+/OdUAjtQ0rA=",
        "owner": "numtide",
        "repo": "flake-utils",
        "rev": "5aed5285a952e0b949eb3ba02c12fa4fcfef535f",
        "type": "github"
      },
      "original": {
        "owner": "numtide",
        "repo": "flake-utils",
        "type": "github"
      }
    }
  },
  "root": "root",
  "version": 7
}
